[[package]]
name = "arrow"
version = "1.2.1"
description = "Better dates & times for Python"
category = "main"
optional = false
python-versions = ">=3.6"

[package.dependencies]
python-dateutil = ">=2.7.0"

[[package]]
name = "asgiref"
version = "3.4.1"
description = "ASGI specs, helper code, and adapters"
category = "main"
optional = false
python-versions = ">=3.6"

[package.extras]
tests = ["pytest", "pytest-asyncio", "mypy (>=0.800)"]

[[package]]
name = "binaryornot"
version = "0.4.4"
description = "Ultra-lightweight pure Python package to check if a file is binary or text."
category = "main"
optional = false
python-versions = "*"

[package.dependencies]
chardet = ">=3.0.2"

[[package]]
name = "certifi"
version = "2021.10.8"
description = "Python package for providing Mozilla's CA Bundle."
category = "main"
optional = false
python-versions = "*"

[[package]]
name = "chardet"
version = "4.0.0"
description = "Universal encoding detector for Python 2 and 3"
category = "main"
optional = false
python-versions = ">=2.7, !=3.0.*, !=3.1.*, !=3.2.*, !=3.3.*, !=3.4.*"

[[package]]
name = "charset-normalizer"
version = "2.0.9"
description = "The Real First Universal Charset Detector. Open, modern and actively maintained alternative to Chardet."
category = "main"
optional = false
python-versions = ">=3.5.0"

[package.extras]
unicode_backport = ["unicodedata2"]

[[package]]
name = "click"
version = "8.0.3"
description = "Composable command line interface toolkit"
category = "main"
optional = false
python-versions = ">=3.6"

[package.dependencies]
colorama = {version = "*", markers = "platform_system == \"Windows\""}

[[package]]
name = "colorama"
version = "0.4.4"
description = "Cross-platform colored terminal text."
category = "main"
optional = false
python-versions = ">=2.7, !=3.0.*, !=3.1.*, !=3.2.*, !=3.3.*, !=3.4.*"

[[package]]
name = "cookiecutter"
version = "1.7.3"
description = "A command-line utility that creates projects from project templates, e.g. creating a Python package project from a Python package project template."
category = "main"
optional = false
python-versions = ">=2.7, !=3.0.*, !=3.1.*, !=3.2.*, !=3.3.*, !=3.4.*"

[package.dependencies]
binaryornot = ">=0.4.4"
click = ">=7.0"
Jinja2 = ">=2.7,<4.0.0"
jinja2-time = ">=0.2.0"
poyo = ">=0.5.0"
python-slugify = ">=4.0.0"
requests = ">=2.23.0"
six = ">=1.10"

[[package]]
name = "django"
version = "4.0"
description = "A high-level Python web framework that encourages rapid development and clean, pragmatic design."
category = "main"
optional = false
python-versions = ">=3.8"

[package.dependencies]
asgiref = ">=3.4.1,<4"
sqlparse = ">=0.2.2"
tzdata = {version = "*", markers = "sys_platform == \"win32\""}

[package.extras]
argon2 = ["argon2-cffi (>=19.1.0)"]
bcrypt = ["bcrypt"]

[[package]]
name = "django-tailwind"
version = "3.0.1"
description = "Tailwind CSS Framework for Django projects"
category = "main"
optional = false
python-versions = ">=3.8,<4.0"

[package.dependencies]
cookiecutter = ">=1.7.3,<2.0.0"
django = ">=2.2.25"

[[package]]
name = "idna"
version = "3.3"
description = "Internationalized Domain Names in Applications (IDNA)"
category = "main"
optional = false
python-versions = ">=3.5"

[[package]]
name = "jinja2"
version = "3.0.3"
description = "A very fast and expressive template engine."
category = "main"
optional = false
python-versions = ">=3.6"

[package.dependencies]
MarkupSafe = ">=2.0"

[package.extras]
i18n = ["Babel (>=2.7)"]

[[package]]
name = "jinja2-time"
version = "0.2.0"
description = "Jinja2 Extension for Dates and Times"
category = "main"
optional = false
python-versions = "*"

[package.dependencies]
arrow = "*"
jinja2 = "*"

[[package]]
name = "markupsafe"
version = "2.0.1"
description = "Safely add untrusted strings to HTML/XML markup."
category = "main"
optional = false
python-versions = ">=3.6"

[[package]]
name = "poyo"
version = "0.5.0"
description = "A lightweight YAML Parser for Python. 🐓"
category = "main"
optional = false
python-versions = ">=2.7, !=3.0.*, !=3.1.*, !=3.2.*, !=3.3.*"

[[package]]
name = "psycopg-binary"
version = "3.0.7"
description = "PostgreSQL database adapter for Python -- C optimisation distribution"
category = "main"
optional = false
python-versions = ">=3.6"

[[package]]
name = "python-dateutil"
version = "2.8.2"
description = "Extensions to the standard Python datetime module"
category = "main"
optional = false
python-versions = "!=3.0.*,!=3.1.*,!=3.2.*,>=2.7"

[package.dependencies]
six = ">=1.5"

[[package]]
name = "python-slugify"
version = "5.0.2"
description = "A Python Slugify application that handles Unicode"
category = "main"
optional = false
python-versions = ">=3.6"

[package.dependencies]
text-unidecode = ">=1.3"

[package.extras]
unidecode = ["Unidecode (>=1.1.1)"]

[[package]]
name = "requests"
version = "2.26.0"
description = "Python HTTP for Humans."
category = "main"
optional = false
python-versions = ">=2.7, !=3.0.*, !=3.1.*, !=3.2.*, !=3.3.*, !=3.4.*, !=3.5.*"

[package.dependencies]
certifi = ">=2017.4.17"
charset-normalizer = {version = ">=2.0.0,<2.1.0", markers = "python_version >= \"3\""}
idna = {version = ">=2.5,<4", markers = "python_version >= \"3\""}
urllib3 = ">=1.21.1,<1.27"

[package.extras]
socks = ["PySocks (>=1.5.6,!=1.5.7)", "win-inet-pton"]
use_chardet_on_py3 = ["chardet (>=3.0.2,<5)"]

[[package]]
name = "six"
version = "1.16.0"
description = "Python 2 and 3 compatibility utilities"
category = "main"
optional = false
python-versions = ">=2.7, !=3.0.*, !=3.1.*, !=3.2.*"

[[package]]
name = "sqlparse"
version = "0.4.2"
description = "A non-validating SQL parser."
category = "main"
optional = false
python-versions = ">=3.5"

[[package]]
name = "text-unidecode"
version = "1.3"
description = "The most basic Text::Unidecode port"
category = "main"
optional = false
python-versions = "*"

[[package]]
name = "tzdata"
version = "2021.5"
description = "Provider of IANA time zone data"
category = "main"
optional = false
python-versions = ">=2"

[[package]]
name = "urllib3"
version = "1.26.7"
description = "HTTP library with thread-safe connection pooling, file post, and more."
category = "main"
optional = false
python-versions = ">=2.7, !=3.0.*, !=3.1.*, !=3.2.*, !=3.3.*, !=3.4.*, <4"

[package.extras]
brotli = ["brotlipy (>=0.6.0)"]
secure = ["pyOpenSSL (>=0.14)", "cryptography (>=1.3.4)", "idna (>=2.0.0)", "certifi", "ipaddress"]
socks = ["PySocks (>=1.5.6,!=1.5.7,<2.0)"]

[metadata]
lock-version = "1.1"
python-versions = "3.9"
content-hash = "f5b92dc034814ecb35306c98116d5def9099bf9df2964609e0f92d5c8345d698"

[metadata.files]
arrow = [
    {file = "arrow-1.2.1-py3-none-any.whl", hash = "sha256:6b2914ef3997d1fd7b37a71ce9dd61a6e329d09e1c7b44f4d3099ca4a5c0933e"},
    {file = "arrow-1.2.1.tar.gz", hash = "sha256:c2dde3c382d9f7e6922ce636bf0b318a7a853df40ecb383b29192e6c5cc82840"},
]
asgiref = [
    {file = "asgiref-3.4.1-py3-none-any.whl", hash = "sha256:ffc141aa908e6f175673e7b1b3b7af4fdb0ecb738fc5c8b88f69f055c2415214"},
    {file = "asgiref-3.4.1.tar.gz", hash = "sha256:4ef1ab46b484e3c706329cedeff284a5d40824200638503f5768edb6de7d58e9"},
]
binaryornot = [
    {file = "binaryornot-0.4.4-py2.py3-none-any.whl", hash = "sha256:b8b71173c917bddcd2c16070412e369c3ed7f0528926f70cac18a6c97fd563e4"},
    {file = "binaryornot-0.4.4.tar.gz", hash = "sha256:359501dfc9d40632edc9fac890e19542db1a287bbcfa58175b66658392018061"},
]
certifi = [
    {file = "certifi-2021.10.8-py2.py3-none-any.whl", hash = "sha256:d62a0163eb4c2344ac042ab2bdf75399a71a2d8c7d47eac2e2ee91b9d6339569"},
    {file = "certifi-2021.10.8.tar.gz", hash = "sha256:78884e7c1d4b00ce3cea67b44566851c4343c120abd683433ce934a68ea58872"},
]
chardet = [
    {file = "chardet-4.0.0-py2.py3-none-any.whl", hash = "sha256:f864054d66fd9118f2e67044ac8981a54775ec5b67aed0441892edb553d21da5"},
    {file = "chardet-4.0.0.tar.gz", hash = "sha256:0d6f53a15db4120f2b08c94f11e7d93d2c911ee118b6b30a04ec3ee8310179fa"},
]
charset-normalizer = [
    {file = "charset-normalizer-2.0.9.tar.gz", hash = "sha256:b0b883e8e874edfdece9c28f314e3dd5badf067342e42fb162203335ae61aa2c"},
    {file = "charset_normalizer-2.0.9-py3-none-any.whl", hash = "sha256:1eecaa09422db5be9e29d7fc65664e6c33bd06f9ced7838578ba40d58bdf3721"},
]
click = [
    {file = "click-8.0.3-py3-none-any.whl", hash = "sha256:353f466495adaeb40b6b5f592f9f91cb22372351c84caeb068132442a4518ef3"},
    {file = "click-8.0.3.tar.gz", hash = "sha256:410e932b050f5eed773c4cda94de75971c89cdb3155a72a0831139a79e5ecb5b"},
]
colorama = [
    {file = "colorama-0.4.4-py2.py3-none-any.whl", hash = "sha256:9f47eda37229f68eee03b24b9748937c7dc3868f906e8ba69fbcbdd3bc5dc3e2"},
    {file = "colorama-0.4.4.tar.gz", hash = "sha256:5941b2b48a20143d2267e95b1c2a7603ce057ee39fd88e7329b0c292aa16869b"},
]
cookiecutter = [
    {file = "cookiecutter-1.7.3-py2.py3-none-any.whl", hash = "sha256:f8671531fa96ab14339d0c59b4f662a4f12a2ecacd94a0f70a3500843da588e2"},
    {file = "cookiecutter-1.7.3.tar.gz", hash = "sha256:6b9a4d72882e243be077a7397d0f1f76fe66cf3df91f3115dbb5330e214fa457"},
]
django = [
    {file = "Django-4.0-py3-none-any.whl", hash = "sha256:59304646ebc6a77b9b6a59adc67d51ecb03c5e3d63ed1f14c909cdfda84e8010"},
    {file = "Django-4.0.tar.gz", hash = "sha256:d5a8a14da819a8b9237ee4d8c78dfe056ff6e8a7511987be627192225113ee75"},
]
django-tailwind = [
    {file = "django-tailwind-3.0.1.tar.gz", hash = "sha256:db633c797cb30083385b0951d7871fa1b36359d0603a75303fd32f4bc45bccbc"},
    {file = "django_tailwind-3.0.1-py3-none-any.whl", hash = "sha256:941907f403b8b5fe177f8fb50503f45412f8f67fe923d8efda0fad45b5865d71"},
]
idna = [
    {file = "idna-3.3-py3-none-any.whl", hash = "sha256:84d9dd047ffa80596e0f246e2eab0b391788b0503584e8945f2368256d2735ff"},
    {file = "idna-3.3.tar.gz", hash = "sha256:9d643ff0a55b762d5cdb124b8eaa99c66322e2157b69160bc32796e824360e6d"},
]
jinja2 = [
    {file = "Jinja2-3.0.3-py3-none-any.whl", hash = "sha256:077ce6014f7b40d03b47d1f1ca4b0fc8328a692bd284016f806ed0eaca390ad8"},
    {file = "Jinja2-3.0.3.tar.gz", hash = "sha256:611bb273cd68f3b993fabdc4064fc858c5b47a973cb5aa7999ec1ba405c87cd7"},
]
jinja2-time = [
    {file = "jinja2-time-0.2.0.tar.gz", hash = "sha256:d14eaa4d315e7688daa4969f616f226614350c48730bfa1692d2caebd8c90d40"},
    {file = "jinja2_time-0.2.0-py2.py3-none-any.whl", hash = "sha256:d3eab6605e3ec8b7a0863df09cc1d23714908fa61aa6986a845c20ba488b4efa"},
]
markupsafe = [
    {file = "MarkupSafe-2.0.1-cp310-cp310-macosx_10_9_universal2.whl", hash = "sha256:d8446c54dc28c01e5a2dbac5a25f071f6653e6e40f3a8818e8b45d790fe6ef53"},
    {file = "MarkupSafe-2.0.1-cp310-cp310-macosx_10_9_x86_64.whl", hash = "sha256:36bc903cbb393720fad60fc28c10de6acf10dc6cc883f3e24ee4012371399a38"},
    {file = "MarkupSafe-2.0.1-cp310-cp310-manylinux_2_17_aarch64.manylinux2014_aarch64.whl", hash = "sha256:2d7d807855b419fc2ed3e631034685db6079889a1f01d5d9dac950f764da3dad"},
    {file = "MarkupSafe-2.0.1-cp310-cp310-manylinux_2_5_i686.manylinux1_i686.manylinux_2_12_i686.manylinux2010_i686.whl", hash = "sha256:add36cb2dbb8b736611303cd3bfcee00afd96471b09cda130da3581cbdc56a6d"},
    {file = "MarkupSafe-2.0.1-cp310-cp310-manylinux_2_5_x86_64.manylinux1_x86_64.manylinux_2_12_x86_64.manylinux2010_x86_64.whl", hash = "sha256:168cd0a3642de83558a5153c8bd34f175a9a6e7f6dc6384b9655d2697312a646"},
    {file = "MarkupSafe-2.0.1-cp310-cp310-musllinux_1_1_aarch64.whl", hash = "sha256:4dc8f9fb58f7364b63fd9f85013b780ef83c11857ae79f2feda41e270468dd9b"},
    {file = "MarkupSafe-2.0.1-cp310-cp310-musllinux_1_1_i686.whl", hash = "sha256:20dca64a3ef2d6e4d5d615a3fd418ad3bde77a47ec8a23d984a12b5b4c74491a"},
    {file = "MarkupSafe-2.0.1-cp310-cp310-musllinux_1_1_x86_64.whl", hash = "sha256:cdfba22ea2f0029c9261a4bd07e830a8da012291fbe44dc794e488b6c9bb353a"},
    {file = "MarkupSafe-2.0.1-cp310-cp310-win32.whl", hash = "sha256:99df47edb6bda1249d3e80fdabb1dab8c08ef3975f69aed437cb69d0a5de1e28"},
    {file = "MarkupSafe-2.0.1-cp310-cp310-win_amd64.whl", hash = "sha256:e0f138900af21926a02425cf736db95be9f4af72ba1bb21453432a07f6082134"},
    {file = "MarkupSafe-2.0.1-cp36-cp36m-macosx_10_9_x86_64.whl", hash = "sha256:f9081981fe268bd86831e5c75f7de206ef275defcb82bc70740ae6dc507aee51"},
    {file = "MarkupSafe-2.0.1-cp36-cp36m-manylinux1_i686.whl", hash = "sha256:0955295dd5eec6cb6cc2fe1698f4c6d84af2e92de33fbcac4111913cd100a6ff"},
    {file = "MarkupSafe-2.0.1-cp36-cp36m-manylinux1_x86_64.whl", hash = "sha256:0446679737af14f45767963a1a9ef7620189912317d095f2d9ffa183a4d25d2b"},
    {file = "MarkupSafe-2.0.1-cp36-cp36m-manylinux2010_i686.whl", hash = "sha256:f826e31d18b516f653fe296d967d700fddad5901ae07c622bb3705955e1faa94"},
    {file = "MarkupSafe-2.0.1-cp36-cp36m-manylinux2010_x86_64.whl", hash = "sha256:fa130dd50c57d53368c9d59395cb5526eda596d3ffe36666cd81a44d56e48872"},
    {file = "MarkupSafe-2.0.1-cp36-cp36m-manylinux2014_aarch64.whl", hash = "sha256:905fec760bd2fa1388bb5b489ee8ee5f7291d692638ea5f67982d968366bef9f"},
    {file = "MarkupSafe-2.0.1-cp36-cp36m-manylinux_2_17_aarch64.manylinux2014_aarch64.whl", hash = "sha256:bf5d821ffabf0ef3533c39c518f3357b171a1651c1ff6827325e4489b0e46c3c"},
    {file = "MarkupSafe-2.0.1-cp36-cp36m-manylinux_2_5_i686.manylinux1_i686.manylinux_2_12_i686.manylinux2010_i686.whl", hash = "sha256:0d4b31cc67ab36e3392bbf3862cfbadac3db12bdd8b02a2731f509ed5b829724"},
    {file = "MarkupSafe-2.0.1-cp36-cp36m-manylinux_2_5_x86_64.manylinux1_x86_64.manylinux_2_12_x86_64.manylinux2010_x86_64.whl", hash = "sha256:baa1a4e8f868845af802979fcdbf0bb11f94f1cb7ced4c4b8a351bb60d108145"},
    {file = "MarkupSafe-2.0.1-cp36-cp36m-musllinux_1_1_aarch64.whl", hash = "sha256:deb993cacb280823246a026e3b2d81c493c53de6acfd5e6bfe31ab3402bb37dd"},
    {file = "MarkupSafe-2.0.1-cp36-cp36m-musllinux_1_1_i686.whl", hash = "sha256:63f3268ba69ace99cab4e3e3b5840b03340efed0948ab8f78d2fd87ee5442a4f"},
    {file = "MarkupSafe-2.0.1-cp36-cp36m-musllinux_1_1_x86_64.whl", hash = "sha256:8d206346619592c6200148b01a2142798c989edcb9c896f9ac9722a99d4e77e6"},
    {file = "MarkupSafe-2.0.1-cp36-cp36m-win32.whl", hash = "sha256:6c4ca60fa24e85fe25b912b01e62cb969d69a23a5d5867682dd3e80b5b02581d"},
    {file = "MarkupSafe-2.0.1-cp36-cp36m-win_amd64.whl", hash = "sha256:b2f4bf27480f5e5e8ce285a8c8fd176c0b03e93dcc6646477d4630e83440c6a9"},
    {file = "MarkupSafe-2.0.1-cp37-cp37m-macosx_10_9_x86_64.whl", hash = "sha256:0717a7390a68be14b8c793ba258e075c6f4ca819f15edfc2a3a027c823718567"},
    {file = "MarkupSafe-2.0.1-cp37-cp37m-manylinux1_i686.whl", hash = "sha256:6557b31b5e2c9ddf0de32a691f2312a32f77cd7681d8af66c2692efdbef84c18"},
    {file = "MarkupSafe-2.0.1-cp37-cp37m-manylinux1_x86_64.whl", hash = "sha256:49e3ceeabbfb9d66c3aef5af3a60cc43b85c33df25ce03d0031a608b0a8b2e3f"},
    {file = "MarkupSafe-2.0.1-cp37-cp37m-manylinux2010_i686.whl", hash = "sha256:d7f9850398e85aba693bb640262d3611788b1f29a79f0c93c565694658f4071f"},
    {file = "MarkupSafe-2.0.1-cp37-cp37m-manylinux2010_x86_64.whl", hash = "sha256:6a7fae0dd14cf60ad5ff42baa2e95727c3d81ded453457771d02b7d2b3f9c0c2"},
    {file = "MarkupSafe-2.0.1-cp37-cp37m-manylinux2014_aarch64.whl", hash = "sha256:b7f2d075102dc8c794cbde1947378051c4e5180d52d276987b8d28a3bd58c17d"},
    {file = "MarkupSafe-2.0.1-cp37-cp37m-manylinux_2_17_aarch64.manylinux2014_aarch64.whl", hash = "sha256:e9936f0b261d4df76ad22f8fee3ae83b60d7c3e871292cd42f40b81b70afae85"},
    {file = "MarkupSafe-2.0.1-cp37-cp37m-manylinux_2_5_i686.manylinux1_i686.manylinux_2_12_i686.manylinux2010_i686.whl", hash = "sha256:2a7d351cbd8cfeb19ca00de495e224dea7e7d919659c2841bbb7f420ad03e2d6"},
    {file = "MarkupSafe-2.0.1-cp37-cp37m-manylinux_2_5_x86_64.manylinux1_x86_64.manylinux_2_12_x86_64.manylinux2010_x86_64.whl", hash = "sha256:60bf42e36abfaf9aff1f50f52644b336d4f0a3fd6d8a60ca0d054ac9f713a864"},
    {file = "MarkupSafe-2.0.1-cp37-cp37m-musllinux_1_1_aarch64.whl", hash = "sha256:d6c7ebd4e944c85e2c3421e612a7057a2f48d478d79e61800d81468a8d842207"},
    {file = "MarkupSafe-2.0.1-cp37-cp37m-musllinux_1_1_i686.whl", hash = "sha256:f0567c4dc99f264f49fe27da5f735f414c4e7e7dd850cfd8e69f0862d7c74ea9"},
    {file = "MarkupSafe-2.0.1-cp37-cp37m-musllinux_1_1_x86_64.whl", hash = "sha256:89c687013cb1cd489a0f0ac24febe8c7a666e6e221b783e53ac50ebf68e45d86"},
    {file = "MarkupSafe-2.0.1-cp37-cp37m-win32.whl", hash = "sha256:a30e67a65b53ea0a5e62fe23682cfe22712e01f453b95233b25502f7c61cb415"},
    {file = "MarkupSafe-2.0.1-cp37-cp37m-win_amd64.whl", hash = "sha256:611d1ad9a4288cf3e3c16014564df047fe08410e628f89805e475368bd304914"},
    {file = "MarkupSafe-2.0.1-cp38-cp38-macosx_10_9_universal2.whl", hash = "sha256:5bb28c636d87e840583ee3adeb78172efc47c8b26127267f54a9c0ec251d41a9"},
    {file = "MarkupSafe-2.0.1-cp38-cp38-macosx_10_9_x86_64.whl", hash = "sha256:be98f628055368795d818ebf93da628541e10b75b41c559fdf36d104c5787066"},
    {file = "MarkupSafe-2.0.1-cp38-cp38-manylinux1_i686.whl", hash = "sha256:1d609f577dc6e1aa17d746f8bd3c31aa4d258f4070d61b2aa5c4166c1539de35"},
    {file = "MarkupSafe-2.0.1-cp38-cp38-manylinux1_x86_64.whl", hash = "sha256:7d91275b0245b1da4d4cfa07e0faedd5b0812efc15b702576d103293e252af1b"},
    {file = "MarkupSafe-2.0.1-cp38-cp38-manylinux2010_i686.whl", hash = "sha256:01a9b8ea66f1658938f65b93a85ebe8bc016e6769611be228d797c9d998dd298"},
    {file = "MarkupSafe-2.0.1-cp38-cp38-manylinux2010_x86_64.whl", hash = "sha256:47ab1e7b91c098ab893b828deafa1203de86d0bc6ab587b160f78fe6c4011f75"},
    {file = "MarkupSafe-2.0.1-cp38-cp38-manylinux2014_aarch64.whl", hash = "sha256:97383d78eb34da7e1fa37dd273c20ad4320929af65d156e35a5e2d89566d9dfb"},
    {file = "MarkupSafe-2.0.1-cp38-cp38-manylinux_2_17_aarch64.manylinux2014_aarch64.whl", hash = "sha256:6fcf051089389abe060c9cd7caa212c707e58153afa2c649f00346ce6d260f1b"},
    {file = "MarkupSafe-2.0.1-cp38-cp38-manylinux_2_5_i686.manylinux1_i686.manylinux_2_12_i686.manylinux2010_i686.whl", hash = "sha256:5855f8438a7d1d458206a2466bf82b0f104a3724bf96a1c781ab731e4201731a"},
    {file = "MarkupSafe-2.0.1-cp38-cp38-manylinux_2_5_x86_64.manylinux1_x86_64.manylinux_2_12_x86_64.manylinux2010_x86_64.whl", hash = "sha256:3dd007d54ee88b46be476e293f48c85048603f5f516008bee124ddd891398ed6"},
    {file = "MarkupSafe-2.0.1-cp38-cp38-musllinux_1_1_aarch64.whl", hash = "sha256:aca6377c0cb8a8253e493c6b451565ac77e98c2951c45f913e0b52facdcff83f"},
    {file = "MarkupSafe-2.0.1-cp38-cp38-musllinux_1_1_i686.whl", hash = "sha256:04635854b943835a6ea959e948d19dcd311762c5c0c6e1f0e16ee57022669194"},
    {file = "MarkupSafe-2.0.1-cp38-cp38-musllinux_1_1_x86_64.whl", hash = "sha256:6300b8454aa6930a24b9618fbb54b5a68135092bc666f7b06901f897fa5c2fee"},
    {file = "MarkupSafe-2.0.1-cp38-cp38-win32.whl", hash = "sha256:023cb26ec21ece8dc3907c0e8320058b2e0cb3c55cf9564da612bc325bed5e64"},
    {file = "MarkupSafe-2.0.1-cp38-cp38-win_amd64.whl", hash = "sha256:984d76483eb32f1bcb536dc27e4ad56bba4baa70be32fa87152832cdd9db0833"},
    {file = "MarkupSafe-2.0.1-cp39-cp39-macosx_10_9_universal2.whl", hash = "sha256:2ef54abee730b502252bcdf31b10dacb0a416229b72c18b19e24a4509f273d26"},
    {file = "MarkupSafe-2.0.1-cp39-cp39-macosx_10_9_x86_64.whl", hash = "sha256:3c112550557578c26af18a1ccc9e090bfe03832ae994343cfdacd287db6a6ae7"},
    {file = "MarkupSafe-2.0.1-cp39-cp39-manylinux1_i686.whl", hash = "sha256:53edb4da6925ad13c07b6d26c2a852bd81e364f95301c66e930ab2aef5b5ddd8"},
    {file = "MarkupSafe-2.0.1-cp39-cp39-manylinux1_x86_64.whl", hash = "sha256:f5653a225f31e113b152e56f154ccbe59eeb1c7487b39b9d9f9cdb58e6c79dc5"},
    {file = "MarkupSafe-2.0.1-cp39-cp39-manylinux2010_i686.whl", hash = "sha256:4efca8f86c54b22348a5467704e3fec767b2db12fc39c6d963168ab1d3fc9135"},
    {file = "MarkupSafe-2.0.1-cp39-cp39-manylinux2010_x86_64.whl", hash = "sha256:ab3ef638ace319fa26553db0624c4699e31a28bb2a835c5faca8f8acf6a5a902"},
    {file = "MarkupSafe-2.0.1-cp39-cp39-manylinux2014_aarch64.whl", hash = "sha256:f8ba0e8349a38d3001fae7eadded3f6606f0da5d748ee53cc1dab1d6527b9509"},
    {file = "MarkupSafe-2.0.1-cp39-cp39-manylinux_2_17_aarch64.manylinux2014_aarch64.whl", hash = "sha256:c47adbc92fc1bb2b3274c4b3a43ae0e4573d9fbff4f54cd484555edbf030baf1"},
    {file = "MarkupSafe-2.0.1-cp39-cp39-manylinux_2_5_i686.manylinux1_i686.manylinux_2_12_i686.manylinux2010_i686.whl", hash = "sha256:37205cac2a79194e3750b0af2a5720d95f786a55ce7df90c3af697bfa100eaac"},
    {file = "MarkupSafe-2.0.1-cp39-cp39-manylinux_2_5_x86_64.manylinux1_x86_64.manylinux_2_12_x86_64.manylinux2010_x86_64.whl", hash = "sha256:1f2ade76b9903f39aa442b4aadd2177decb66525062db244b35d71d0ee8599b6"},
    {file = "MarkupSafe-2.0.1-cp39-cp39-musllinux_1_1_aarch64.whl", hash = "sha256:4296f2b1ce8c86a6aea78613c34bb1a672ea0e3de9c6ba08a960efe0b0a09047"},
    {file = "MarkupSafe-2.0.1-cp39-cp39-musllinux_1_1_i686.whl", hash = "sha256:9f02365d4e99430a12647f09b6cc8bab61a6564363f313126f775eb4f6ef798e"},
    {file = "MarkupSafe-2.0.1-cp39-cp39-musllinux_1_1_x86_64.whl", hash = "sha256:5b6d930f030f8ed98e3e6c98ffa0652bdb82601e7a016ec2ab5d7ff23baa78d1"},
    {file = "MarkupSafe-2.0.1-cp39-cp39-win32.whl", hash = "sha256:10f82115e21dc0dfec9ab5c0223652f7197feb168c940f3ef61563fc2d6beb74"},
    {file = "MarkupSafe-2.0.1-cp39-cp39-win_amd64.whl", hash = "sha256:693ce3f9e70a6cf7d2fb9e6c9d8b204b6b39897a2c4a1aa65728d5ac97dcc1d8"},
    {file = "MarkupSafe-2.0.1.tar.gz", hash = "sha256:594c67807fb16238b30c44bdf74f36c02cdf22d1c8cda91ef8a0ed8dabf5620a"},
]
poyo = [
    {file = "poyo-0.5.0-py2.py3-none-any.whl", hash = "sha256:3e2ca8e33fdc3c411cd101ca395668395dd5dc7ac775b8e809e3def9f9fe041a"},
    {file = "poyo-0.5.0.tar.gz", hash = "sha256:e26956aa780c45f011ca9886f044590e2d8fd8b61db7b1c1cf4e0869f48ed4dd"},
]
psycopg-binary = [
    {file = "psycopg_binary-3.0.7-cp310-cp310-macosx_10_9_x86_64.whl", hash = "sha256:aa1f59d15db2ccb69a111bcb115d6393d4d20ff485e727ffa9f9219db3f0ed1a"},
    {file = "psycopg_binary-3.0.7-cp310-cp310-manylinux_2_24_aarch64.whl", hash = "sha256:e45dfc144245ebd33b6a264c4cebcce36e8e5fc6fda7c939d845c3c4c43a2628"},
    {file = "psycopg_binary-3.0.7-cp310-cp310-manylinux_2_24_i686.whl", hash = "sha256:7cf55299c5699d3af3ccf2db4018444e9276af49fcb23c6f9b2889d2599d22cc"},
    {file = "psycopg_binary-3.0.7-cp310-cp310-manylinux_2_24_ppc64le.whl", hash = "sha256:dabd859489d98eb70ee3997983f84e24434cf8c00c27620321361d46ce58accf"},
    {file = "psycopg_binary-3.0.7-cp310-cp310-manylinux_2_24_x86_64.whl", hash = "sha256:c15b17a6617ba55742a0bfea4b94c6d3af3a17752591193eb05ddfcbf816daa8"},
    {file = "psycopg_binary-3.0.7-cp310-cp310-musllinux_1_1_aarch64.whl", hash = "sha256:85c9a73ba3d833e4f7abb6f5e258c4cd424f1e87a8ac465f74a199997987ce02"},
    {file = "psycopg_binary-3.0.7-cp310-cp310-musllinux_1_1_i686.whl", hash = "sha256:38f6d7ec09f7ece80a3f51c676d392d612bf1737021c7be5e6c2bb3fb4436951"},
    {file = "psycopg_binary-3.0.7-cp310-cp310-musllinux_1_1_ppc64le.whl", hash = "sha256:8f716d39fa4307a5dd30214fb10d1301e119db4ca8c21e0145009081f459083f"},
    {file = "psycopg_binary-3.0.7-cp310-cp310-musllinux_1_1_x86_64.whl", hash = "sha256:0a5773b9019554242d2c06582beab7fcadb8bb28f49ee1f47b76a36cb4eaf9f4"},
    {file = "psycopg_binary-3.0.7-cp310-cp310-win_amd64.whl", hash = "sha256:98b8354fc9e38904df9974bef9b9aa9c0c49bd2ce34a727e82b6b5fb7ddcef1a"},
    {file = "psycopg_binary-3.0.7-cp36-cp36m-macosx_10_9_x86_64.whl", hash = "sha256:245c16a3d16d19dafa47760b6b6745e9bad7fac077c739afa2ff4a91f67a55a7"},
    {file = "psycopg_binary-3.0.7-cp36-cp36m-manylinux_2_24_aarch64.whl", hash = "sha256:d722b633b6dcd91c078528a6fdd414282038a9b22a2fa8d8cc5ed5640b154471"},
    {file = "psycopg_binary-3.0.7-cp36-cp36m-manylinux_2_24_i686.whl", hash = "sha256:ef9dfb19b4d129cf3098b029f088dcfcf9d3a125bf959cd313176cb40c4f052c"},
    {file = "psycopg_binary-3.0.7-cp36-cp36m-manylinux_2_24_ppc64le.whl", hash = "sha256:a6cb12fddc577c56cb367c027b858e260e66a2b823c4357f3aeb84c8ec7314cf"},
    {file = "psycopg_binary-3.0.7-cp36-cp36m-manylinux_2_24_x86_64.whl", hash = "sha256:46194e47bc3df4fb8e6a174408005ff61129c9e1a37d765e6384472156129b1f"},
    {file = "psycopg_binary-3.0.7-cp36-cp36m-musllinux_1_1_aarch64.whl", hash = "sha256:ea3d8573a3ef4df7a915182060e3ef190367ef05b3edf688aab05b2a3bae55dc"},
    {file = "psycopg_binary-3.0.7-cp36-cp36m-musllinux_1_1_i686.whl", hash = "sha256:0b6af398cc68167b27812831e2f8b4005d5fe34faf3336811a319b118ca70542"},
    {file = "psycopg_binary-3.0.7-cp36-cp36m-musllinux_1_1_ppc64le.whl", hash = "sha256:1d3651ed000252ab14420786c687c770826194d45bec159c9d5a5f90a66ed6d5"},
    {file = "psycopg_binary-3.0.7-cp36-cp36m-musllinux_1_1_x86_64.whl", hash = "sha256:f4bdac37612a995ade66ad67702cecbeb18b674bf5029806e3ccd46125a9e9c6"},
    {file = "psycopg_binary-3.0.7-cp36-cp36m-win_amd64.whl", hash = "sha256:0e98fca1b3cbfe4b3bd5c697c02c023ff8375f5a31f07d7900461695d8e1e75c"},
    {file = "psycopg_binary-3.0.7-cp37-cp37m-macosx_10_9_x86_64.whl", hash = "sha256:4481a4717cd44795d983d44f12d85dac84b5767249b46e613c0ef8b449c2d72b"},
    {file = "psycopg_binary-3.0.7-cp37-cp37m-manylinux_2_24_aarch64.whl", hash = "sha256:d8cec558c1d8fdb7e17ab3e5269a893ec7e1778f7a376675ecb789a749d09ac3"},
    {file = "psycopg_binary-3.0.7-cp37-cp37m-manylinux_2_24_i686.whl", hash = "sha256:54f8f880781b38b42456e873083ab3cd01c25533cac22532fa3db28180571b49"},
    {file = "psycopg_binary-3.0.7-cp37-cp37m-manylinux_2_24_ppc64le.whl", hash = "sha256:caf3aab5a0951a438896e510f2b3fcc92783abe361eabd4d093e4679c06cae47"},
    {file = "psycopg_binary-3.0.7-cp37-cp37m-manylinux_2_24_x86_64.whl", hash = "sha256:36a5b395d2d7c935bc32160a11bc61015830b6c8c2808f9fec9f8bb54c452de6"},
    {file = "psycopg_binary-3.0.7-cp37-cp37m-musllinux_1_1_aarch64.whl", hash = "sha256:9171585b7a9493218c30333d78d3a39863b225a97bb6bc1244b79e877e40eb48"},
    {file = "psycopg_binary-3.0.7-cp37-cp37m-musllinux_1_1_i686.whl", hash = "sha256:cab6509222206eb9afcaf5fde08fe637ac55d590f2d0116f0422d58ebb2221de"},
    {file = "psycopg_binary-3.0.7-cp37-cp37m-musllinux_1_1_ppc64le.whl", hash = "sha256:f8940ba00b196dccdfd986fa146778ae806346ad765a8eb978b4680442fcafcc"},
    {file = "psycopg_binary-3.0.7-cp37-cp37m-musllinux_1_1_x86_64.whl", hash = "sha256:de3186eb87b7f6e6c067d3e9dbcf04c1460a7c4d70e9843c514685ffcae6e37a"},
    {file = "psycopg_binary-3.0.7-cp37-cp37m-win_amd64.whl", hash = "sha256:38e52fd34446d33790a1694981b15786b668d44f860fc61a8be95f47830d226d"},
    {file = "psycopg_binary-3.0.7-cp38-cp38-macosx_10_9_x86_64.whl", hash = "sha256:ed8074afeeaeb2dc638ffe0d3c3ff9d5a1a2d0c11cf7b878252c23d73be65672"},
    {file = "psycopg_binary-3.0.7-cp38-cp38-manylinux_2_24_aarch64.whl", hash = "sha256:4c92825fa6b7bd69358211ee6121ba203f86e0f532b52a6d19abacaeb9f0feb6"},
    {file = "psycopg_binary-3.0.7-cp38-cp38-manylinux_2_24_i686.whl", hash = "sha256:66d82408f357dd8bd48b8b8a6c6af50d0bde49f24818c448d2943b0565ad2b2e"},
    {file = "psycopg_binary-3.0.7-cp38-cp38-manylinux_2_24_ppc64le.whl", hash = "sha256:861d4f140c9f0c28083084dea64e0af9c2244c6edff3d800dee7b70c1b9d8e25"},
    {file = "psycopg_binary-3.0.7-cp38-cp38-manylinux_2_24_x86_64.whl", hash = "sha256:6ecde5266a00969e43e115610c6e162bc035c45a08db88e6bbe4b0b6fdb79473"},
    {file = "psycopg_binary-3.0.7-cp38-cp38-musllinux_1_1_aarch64.whl", hash = "sha256:35061bf825f5e8beecc1702c098bb9e5de31e8386aec1cfd685b96f76d1275d9"},
    {file = "psycopg_binary-3.0.7-cp38-cp38-musllinux_1_1_i686.whl", hash = "sha256:0d4bd7ce2dd26d31de450686f5fbc5b35f230f76a20b298df012005f90769d06"},
    {file = "psycopg_binary-3.0.7-cp38-cp38-musllinux_1_1_ppc64le.whl", hash = "sha256:8426cf860ac6bf66b64ae15b1450d0bbaa58bdd59c0bb971a00a94f342d56fac"},
    {file = "psycopg_binary-3.0.7-cp38-cp38-musllinux_1_1_x86_64.whl", hash = "sha256:4f61c515fc6c24e77e94543e7d1f8c910dfe3a13ce63497d72397ae4567c4ba6"},
    {file = "psycopg_binary-3.0.7-cp38-cp38-win_amd64.whl", hash = "sha256:48013cf80a32fe70f037967e24cc4d1b0ea46d1c5ce8016c86d010887dcf5ef3"},
    {file = "psycopg_binary-3.0.7-cp39-cp39-macosx_10_9_x86_64.whl", hash = "sha256:ef12a5fbf2bebbdc65fac066b6d39761d673a80ef0d4f8e369b0976d32eea4e2"},
    {file = "psycopg_binary-3.0.7-cp39-cp39-manylinux_2_24_aarch64.whl", hash = "sha256:2895fe416a4aa3d241f7f1e33a92363e0de611d6b9a400141e6c82a73e528e8b"},
    {file = "psycopg_binary-3.0.7-cp39-cp39-manylinux_2_24_i686.whl", hash = "sha256:7b557e6c4da70a9240c4f579103e86630d009dda35a6b5931b5bebbc226dd20d"},
    {file = "psycopg_binary-3.0.7-cp39-cp39-manylinux_2_24_ppc64le.whl", hash = "sha256:38d81b536874f64b8f724f62a54804321d412f5da2daf913e1a7c51a4330e5ef"},
    {file = "psycopg_binary-3.0.7-cp39-cp39-manylinux_2_24_x86_64.whl", hash = "sha256:727b1571f203c1ef12a2efd9a41b3f80bff5dc47c0cf4a6de2d5059e72d5fe68"},
    {file = "psycopg_binary-3.0.7-cp39-cp39-musllinux_1_1_aarch64.whl", hash = "sha256:63c0133ad04bf2998c353598c436565e6f6c68a4a93d2dc74143191e9cc54525"},
    {file = "psycopg_binary-3.0.7-cp39-cp39-musllinux_1_1_i686.whl", hash = "sha256:2c13973a4601e3c33b2ac4120efb39eb1d2c8a838e5a044ab4713f29aa4e0f3d"},
    {file = "psycopg_binary-3.0.7-cp39-cp39-musllinux_1_1_ppc64le.whl", hash = "sha256:544ce7fa3eb45bcfe83485663e29addcd2ec5b81f989d55ddb13f4cad17c6e42"},
    {file = "psycopg_binary-3.0.7-cp39-cp39-musllinux_1_1_x86_64.whl", hash = "sha256:a66b267863a39d2241471d7f80bbb5b18633116efbbfb2cb5f682b6538b18c5f"},
    {file = "psycopg_binary-3.0.7-cp39-cp39-win_amd64.whl", hash = "sha256:0904024b46a6c90bd48716aea182c9acc6ebe2387a4ba1a5d8869ecf7d320da8"},
]
python-dateutil = [
    {file = "python-dateutil-2.8.2.tar.gz", hash = "sha256:0123cacc1627ae19ddf3c27a5de5bd67ee4586fbdd6440d9748f8abb483d3e86"},
    {file = "python_dateutil-2.8.2-py2.py3-none-any.whl", hash = "sha256:961d03dc3453ebbc59dbdea9e4e11c5651520a876d0f4db161e8674aae935da9"},
]
python-slugify = [
    {file = "python-slugify-5.0.2.tar.gz", hash = "sha256:f13383a0b9fcbe649a1892b9c8eb4f8eab1d6d84b84bb7a624317afa98159cab"},
    {file = "python_slugify-5.0.2-py2.py3-none-any.whl", hash = "sha256:6d8c5df75cd4a7c3a2d21e257633de53f52ab0265cd2d1dc62a730e8194a7380"},
]
requests = [
    {file = "requests-2.26.0-py2.py3-none-any.whl", hash = "sha256:6c1246513ecd5ecd4528a0906f910e8f0f9c6b8ec72030dc9fd154dc1a6efd24"},
    {file = "requests-2.26.0.tar.gz", hash = "sha256:b8aa58f8cf793ffd8782d3d8cb19e66ef36f7aba4353eec859e74678b01b07a7"},
]
six = [
    {file = "six-1.16.0-py2.py3-none-any.whl", hash = "sha256:8abb2f1d86890a2dfb989f9a77cfcfd3e47c2a354b01111771326f8aa26e0254"},
    {file = "six-1.16.0.tar.gz", hash = "sha256:1e61c37477a1626458e36f7b1d82aa5c9b094fa4802892072e49de9c60c4c926"},
]
sqlparse = [
    {file = "sqlparse-0.4.2-py3-none-any.whl", hash = "sha256:48719e356bb8b42991bdbb1e8b83223757b93789c00910a616a071910ca4a64d"},
    {file = "sqlparse-0.4.2.tar.gz", hash = "sha256:0c00730c74263a94e5a9919ade150dfc3b19c574389985446148402998287dae"},
]
text-unidecode = [
    {file = "text-unidecode-1.3.tar.gz", hash = "sha256:bad6603bb14d279193107714b288be206cac565dfa49aa5b105294dd5c4aab93"},
    {file = "text_unidecode-1.3-py2.py3-none-any.whl", hash = "sha256:1311f10e8b895935241623731c2ba64f4c455287888b18189350b67134a822e8"},
]
tzdata = [
    {file = "tzdata-2021.5-py2.py3-none-any.whl", hash = "sha256:3eee491e22ebfe1e5cfcc97a4137cd70f092ce59144d81f8924a844de05ba8f5"},
    {file = "tzdata-2021.5.tar.gz", hash = "sha256:68dbe41afd01b867894bbdfd54fa03f468cfa4f0086bfb4adcd8de8f24f3ee21"},
]
urllib3 = [
    {file = "urllib3-1.26.7-py2.py3-none-any.whl", hash = "sha256:c4fdf4019605b6e5423637e01bc9fe4daef873709a7973e195ceba0a62bbc844"},
    {file = "urllib3-1.26.7.tar.gz", hash = "sha256:4987c65554f7a2dbf30c18fd48778ef124af6fab771a377103da0585e2336ece"},
]
